
Microsoft Visual Studio Solution File, Format Version 10.00
# Visual Studio 2008
Project("{8BC9CEB8-8B4A-11D0-8D11-00A0C91BC942}") = "statepattern", "statepattern.vcproj", "{6CC451F5-64FB-4588-A3AD-106A3F33128F}"
EndProject
Global
	GlobalSection(SolutionConfigurationPlatforms) = preSolution
		Debug|Win32 = Debug|Win32
		Release|Win32 = Release|Win32
	EndGlobalSection
	GlobalSection(ProjectConfigurationPlatforms) = postSolution
		{6CC451F5-64FB-4588-A3AD-106A3F33128F}.Debug|Win32.ActiveCfg = Debug|Win32
		{6CC451F5-64FB-4588-A3AD-106A3F33128F}.Debug|Win32.Build.0 = Debug|Win32
		{6CC451F5-64FB-4588-A3AD-106A3F33128F}.Release|Win32.ActiveCfg = Release|Win32
		{6CC451F5-64FB-4588-A3AD-106A3F33128F}.Release|Win32.Build.0 = Release|Win32
	EndGlobalSection
	GlobalSection(SolutionProperties) = preSolution
		HideSolutionNode = FALSE
	EndGlobalSection
EndGlobal
